
Microsoft Visual Studio Solution File, Format Version 12.00
Project("{FAE04EC0-301F-11D3-BF4B-00C04F79EFBC}") = "Spotify", "Spotify\Spotify.csproj", "{9E3F1D63-EC9B-463C-A603-D09888C0F0EE}"
EndProject
Global
	GlobalSection(SolutionConfigurationPlatforms) = preSolution
		Debug|Any CPU = Debug|Any CPU
		Release|Any CPU = Release|Any CPU
	EndGlobalSection
	GlobalSection(ProjectConfigurationPlatforms) = postSolution
		{9E3F1D63-EC9B-463C-A603-D09888C0F0EE}.Debug|Any CPU.ActiveCfg = Debug|Any CPU
		{9E3F1D63-EC9B-463C-A603-D09888C0F0EE}.Debug|Any CPU.Build.0 = Debug|Any CPU
		{9E3F1D63-EC9B-463C-A603-D09888C0F0EE}.Release|Any CPU.ActiveCfg = Release|Any CPU
		{9E3F1D63-EC9B-463C-A603-D09888C0F0EE}.Release|Any CPU.Build.0 = Release|Any CPU
	EndGlobalSection
EndGlobal
